
Microsoft Visual Studio Solution File, Format Version 12.00
# Visual Studio Version 18
VisualStudioVersion = 18.0.11222.15
MinimumVisualStudioVersion = 10.0.40219.1
Project("{FAE04EC0-301F-11D3-BF4B-00C04F79EFBC}") = "BudgetApp.Api", "BudgetApp.Api\BudgetApp.Api.csproj", "{D0760625-44EB-4B6F-B59A-C43789754773}"
EndProject
Project("{00D1A9C2-B5F0-4AF3-8072-F6C62B433612}") = "BudgetApp.Db", "BudgetApp.Db\BudgetApp.Db.sqlproj", "{6769F736-E8C5-46E6-BB54-D75AEB8F080A}"
EndProject
Project("{FAE04EC0-301F-11D3-BF4B-00C04F79EFBC}") = "AuthLibrary", "..\Libraries\AuthLibrary\AuthLibrary.csproj", "{E7F6F6B1-53CE-8418-1AB5-D1D51C350954}"
EndProject
Project("{FAE04EC0-301F-11D3-BF4B-00C04F79EFBC}") = "BudgetApp.DataAccess", "BudgetApp.DataAccess\BudgetApp.DataAccess.csproj", "{5BDD681D-4B36-45EA-9CCC-0892E411C453}"
EndProject
Project("{FAE04EC0-301F-11D3-BF4B-00C04F79EFBC}") = "BudgetApp.Application", "BudgetApp.Application\BudgetApp.Application.csproj", "{A365B0CA-E7BD-4AA5-A0C9-0C3251C0F2C1}"
EndProject
Global
	GlobalSection(SolutionConfigurationPlatforms) = preSolution
		Debug|Any CPU = Debug|Any CPU
		Release|Any CPU = Release|Any CPU
	EndGlobalSection
	GlobalSection(ProjectConfigurationPlatforms) = postSolution
		{D0760625-44EB-4B6F-B59A-C43789754773}.Debug|Any CPU.ActiveCfg = Debug|Any CPU
		{D0760625-44EB-4B6F-B59A-C43789754773}.Debug|Any CPU.Build.0 = Debug|Any CPU
		{D0760625-44EB-4B6F-B59A-C43789754773}.Release|Any CPU.ActiveCfg = Release|Any CPU
		{D0760625-44EB-4B6F-B59A-C43789754773}.Release|Any CPU.Build.0 = Release|Any CPU
		{6769F736-E8C5-46E6-BB54-D75AEB8F080A}.Debug|Any CPU.ActiveCfg = Debug|Any CPU
		{6769F736-E8C5-46E6-BB54-D75AEB8F080A}.Debug|Any CPU.Build.0 = Debug|Any CPU
		{6769F736-E8C5-46E6-BB54-D75AEB8F080A}.Debug|Any CPU.Deploy.0 = Debug|Any CPU
		{6769F736-E8C5-46E6-BB54-D75AEB8F080A}.Release|Any CPU.ActiveCfg = Release|Any CPU
		{6769F736-E8C5-46E6-BB54-D75AEB8F080A}.Release|Any CPU.Build.0 = Release|Any CPU
		{6769F736-E8C5-46E6-BB54-D75AEB8F080A}.Release|Any CPU.Deploy.0 = Release|Any CPU
		{E7F6F6B1-53CE-8418-1AB5-D1D51C350954}.Debug|Any CPU.ActiveCfg = Debug|Any CPU
		{E7F6F6B1-53CE-8418-1AB5-D1D51C350954}.Debug|Any CPU.Build.0 = Debug|Any CPU
		{E7F6F6B1-53CE-8418-1AB5-D1D51C350954}.Release|Any CPU.ActiveCfg = Release|Any CPU
		{E7F6F6B1-53CE-8418-1AB5-D1D51C350954}.Release|Any CPU.Build.0 = Release|Any CPU
		{5BDD681D-4B36-45EA-9CCC-0892E411C453}.Debug|Any CPU.ActiveCfg = Debug|Any CPU
		{5BDD681D-4B36-45EA-9CCC-0892E411C453}.Debug|Any CPU.Build.0 = Debug|Any CPU
		{5BDD681D-4B36-45EA-9CCC-0892E411C453}.Release|Any CPU.ActiveCfg = Release|Any CPU
		{5BDD681D-4B36-45EA-9CCC-0892E411C453}.Release|Any CPU.Build.0 = Release|Any CPU
		{A365B0CA-E7BD-4AA5-A0C9-0C3251C0F2C1}.Debug|Any CPU.ActiveCfg = Debug|Any CPU
		{A365B0CA-E7BD-4AA5-A0C9-0C3251C0F2C1}.Debug|Any CPU.Build.0 = Debug|Any CPU
		{A365B0CA-E7BD-4AA5-A0C9-0C3251C0F2C1}.Release|Any CPU.ActiveCfg = Release|Any CPU
		{A365B0CA-E7BD-4AA5-A0C9-0C3251C0F2C1}.Release|Any CPU.Build.0 = Release|Any CPU
	EndGlobalSection
	GlobalSection(SolutionProperties) = preSolution
		HideSolutionNode = FALSE
	EndGlobalSection
	GlobalSection(ExtensibilityGlobals) = postSolution
		SolutionGuid = {9EE8C632-3561-4EEC-9098-38285B1B94E0}
	EndGlobalSection
EndGlobal
